
Microsoft Visual Studio Solution File, Format Version 12.00
# Visual Studio Version 17
VisualStudioVersion = 17.6.33829.357
MinimumVisualStudioVersion = 10.0.40219.1
Project("{9A19103F-16F7-4668-BE54-9A1E7A4F7556}") = "Assignment2Api.Service", "Assignment2Api.Service\Assignment2Api.Service.csproj", "{52DF2A76-3739-41E2-9668-339F1E0AC7FC}"
EndProject
Project("{9A19103F-16F7-4668-BE54-9A1E7A4F7556}") = "Assignment2Api.Data", "Assignment2Api.Data\Assignment2Api.Data.csproj", "{0A22FB22-A05E-4E71-8694-0FA6CF569D33}"
EndProject
Project("{FAE04EC0-301F-11D3-BF4B-00C04F79EFBC}") = "Assignment2Api.Base", "Assignment2Api.Base\Assignment2Api.Base.csproj", "{A3C75243-11DA-45FD-9C40-8DB9DE3AED55}"
EndProject
Project("{FAE04EC0-301F-11D3-BF4B-00C04F79EFBC}") = "Assignment2Api.Schema", "Assignment2Api.Schema\Assignment2Api.Schema.csproj", "{EE3DEE8C-616B-46A6-9E84-14C358EB93A0}"
EndProject
Global
	GlobalSection(SolutionConfigurationPlatforms) = preSolution
		Debug|Any CPU = Debug|Any CPU
		Release|Any CPU = Release|Any CPU
	EndGlobalSection
	GlobalSection(ProjectConfigurationPlatforms) = postSolution
		{52DF2A76-3739-41E2-9668-339F1E0AC7FC}.Debug|Any CPU.ActiveCfg = Debug|Any CPU
		{52DF2A76-3739-41E2-9668-339F1E0AC7FC}.Debug|Any CPU.Build.0 = Debug|Any CPU
		{52DF2A76-3739-41E2-9668-339F1E0AC7FC}.Release|Any CPU.ActiveCfg = Release|Any CPU
		{52DF2A76-3739-41E2-9668-339F1E0AC7FC}.Release|Any CPU.Build.0 = Release|Any CPU
		{0A22FB22-A05E-4E71-8694-0FA6CF569D33}.Debug|Any CPU.ActiveCfg = Debug|Any CPU
		{0A22FB22-A05E-4E71-8694-0FA6CF569D33}.Debug|Any CPU.Build.0 = Debug|Any CPU
		{0A22FB22-A05E-4E71-8694-0FA6CF569D33}.Release|Any CPU.ActiveCfg = Release|Any CPU
		{0A22FB22-A05E-4E71-8694-0FA6CF569D33}.Release|Any CPU.Build.0 = Release|Any CPU
		{A3C75243-11DA-45FD-9C40-8DB9DE3AED55}.Debug|Any CPU.ActiveCfg = Debug|Any CPU
		{A3C75243-11DA-45FD-9C40-8DB9DE3AED55}.Debug|Any CPU.Build.0 = Debug|Any CPU
		{A3C75243-11DA-45FD-9C40-8DB9DE3AED55}.Release|Any CPU.ActiveCfg = Release|Any CPU
		{A3C75243-11DA-45FD-9C40-8DB9DE3AED55}.Release|Any CPU.Build.0 = Release|Any CPU
		{EE3DEE8C-616B-46A6-9E84-14C358EB93A0}.Debug|Any CPU.ActiveCfg = Debug|Any CPU
		{EE3DEE8C-616B-46A6-9E84-14C358EB93A0}.Debug|Any CPU.Build.0 = Debug|Any CPU
		{EE3DEE8C-616B-46A6-9E84-14C358EB93A0}.Release|Any CPU.ActiveCfg = Release|Any CPU
		{EE3DEE8C-616B-46A6-9E84-14C358EB93A0}.Release|Any CPU.Build.0 = Release|Any CPU
	EndGlobalSection
	GlobalSection(SolutionProperties) = preSolution
		HideSolutionNode = FALSE
	EndGlobalSection
	GlobalSection(ExtensibilityGlobals) = postSolution
		SolutionGuid = {0C306BCF-715A-498B-94CB-0DF9605CC442}
	EndGlobalSection
EndGlobal
